github.com/McShelby/hugo-theme-relearn v0.0.0-20251115105808-d9ca8e8d8f59 h1:mnEjz/Wrpv6Hea26KeFJPx94w9g9ZHIurUEWvPdaEvs=
github.com/McShelby/hugo-theme-relearn v0.0.0-20251115105808-d9ca8e8d8f59/go.mod h1:mKQQdxZNIlLvAj8X3tMq+RzntIJSr9z7XdzuMomt0IM=
github.com/divinerites/plausible-hugo v1.22.0 h1:2pZheSaIMc+EtwcEeZv0ioU2qBOEZa1Ii7IaR/9II9k=
github.com/divinerites/plausible-hugo v1.22.0/go.mod h1:cxr+YB3FUwbLon8KCs4pV4Ankbkq6lJxTQUpNb5KqPo=
